
Microsoft Visual Studio Solution File, Format Version 12.00
# Visual Studio 14
VisualStudioVersion = 14.0.24720.0
MinimumVisualStudioVersion = 10.0.40219.1
Project("{F184B08F-C81C-45F6-A57F-5ABD9991F28F}") = "sendfile", "sendfile\sendfile.vbproj", "{AC48CD94-DA76-47D0-9002-CD0783853C84}"
EndProject
Global
	GlobalSection(SolutionConfigurationPlatforms) = preSolution
		Debug|Any CPU = Debug|Any CPU
		Release|Any CPU = Release|Any CPU
	EndGlobalSection
	GlobalSection(ProjectConfigurationPlatforms) = postSolution
		{AC48CD94-DA76-47D0-9002-CD0783853C84}.Debug|Any CPU.ActiveCfg = Debug|Any CPU
		{AC48CD94-DA76-47D0-9002-CD0783853C84}.Debug|Any CPU.Build.0 = Debug|Any CPU
		{AC48CD94-DA76-47D0-9002-CD0783853C84}.Release|Any CPU.ActiveCfg = Release|Any CPU
		{AC48CD94-DA76-47D0-9002-CD0783853C84}.Release|Any CPU.Build.0 = Release|Any CPU
	EndGlobalSection
	GlobalSection(SolutionProperties) = preSolution
		HideSolutionNode = FALSE
	EndGlobalSection
EndGlobal
